
Microsoft Visual Studio Solution File, Format Version 12.00
# Visual Studio Version 16
VisualStudioVersion = 16.0.29230.47
MinimumVisualStudioVersion = 10.0.40219.1
Project("{9A19103F-16F7-4668-BE54-9A1E7A4F7556}") = "MoneyManager", "MoneyManager\MoneyManager.csproj", "{543D6D86-B0DE-4C46-AF12-56D601C4830E}"
EndProject
Project("{FAE04EC0-301F-11D3-BF4B-00C04F79EFBC}") = "BusinessLayer", "BusinessLayer\BusinessLayer.csproj", "{8BD1C667-6267-4218-B4BA-63C0E69C5228}"
EndProject
Global
	GlobalSection(SolutionConfigurationPlatforms) = preSolution
		Debug|Any CPU = Debug|Any CPU
		Release|Any CPU = Release|Any CPU
	EndGlobalSection
	GlobalSection(ProjectConfigurationPlatforms) = postSolution
		{543D6D86-B0DE-4C46-AF12-56D601C4830E}.Debug|Any CPU.ActiveCfg = Debug|Any CPU
		{543D6D86-B0DE-4C46-AF12-56D601C4830E}.Debug|Any CPU.Build.0 = Debug|Any CPU
		{543D6D86-B0DE-4C46-AF12-56D601C4830E}.Release|Any CPU.ActiveCfg = Release|Any CPU
		{543D6D86-B0DE-4C46-AF12-56D601C4830E}.Release|Any CPU.Build.0 = Release|Any CPU
		{8BD1C667-6267-4218-B4BA-63C0E69C5228}.Debug|Any CPU.ActiveCfg = Debug|Any CPU
		{8BD1C667-6267-4218-B4BA-63C0E69C5228}.Debug|Any CPU.Build.0 = Debug|Any CPU
		{8BD1C667-6267-4218-B4BA-63C0E69C5228}.Release|Any CPU.ActiveCfg = Release|Any CPU
		{8BD1C667-6267-4218-B4BA-63C0E69C5228}.Release|Any CPU.Build.0 = Release|Any CPU
	EndGlobalSection
	GlobalSection(SolutionProperties) = preSolution
		HideSolutionNode = FALSE
	EndGlobalSection
	GlobalSection(ExtensibilityGlobals) = postSolution
		SolutionGuid = {D027D058-47A6-4362-ABB6-C0EEB4810C88}
	EndGlobalSection
EndGlobal
