
Microsoft Visual Studio Solution File, Format Version 12.00
# Visual Studio Version 16
VisualStudioVersion = 16.0.29613.14
MinimumVisualStudioVersion = 10.0.40219.1
Project("{FAE04EC0-301F-11D3-BF4B-00C04F79EFBC}") = "AspNetProject", "AspNetProject\AspNetProject.csproj", "{A8820A6D-7CD4-46C9-824E-90918175904A}"
EndProject
Global
	GlobalSection(SolutionConfigurationPlatforms) = preSolution
		Debug|Any CPU = Debug|Any CPU
		Release|Any CPU = Release|Any CPU
	EndGlobalSection
	GlobalSection(ProjectConfigurationPlatforms) = postSolution
		{A8820A6D-7CD4-46C9-824E-90918175904A}.Debug|Any CPU.ActiveCfg = Debug|Any CPU
		{A8820A6D-7CD4-46C9-824E-90918175904A}.Debug|Any CPU.Build.0 = Debug|Any CPU
		{A8820A6D-7CD4-46C9-824E-90918175904A}.Release|Any CPU.ActiveCfg = Release|Any CPU
		{A8820A6D-7CD4-46C9-824E-90918175904A}.Release|Any CPU.Build.0 = Release|Any CPU
	EndGlobalSection
	GlobalSection(SolutionProperties) = preSolution
		HideSolutionNode = FALSE
	EndGlobalSection
	GlobalSection(ExtensibilityGlobals) = postSolution
		SolutionGuid = {165428D8-CC4A-4EFB-A028-86E4C075B951}
	EndGlobalSection
EndGlobal
