
Microsoft Visual Studio Solution File, Format Version 12.00
# Visual Studio Version 16
VisualStudioVersion = 16.0.29230.47
MinimumVisualStudioVersion = 10.0.40219.1
Project("{9A19103F-16F7-4668-BE54-9A1E7A4F7556}") = "Logger", "Logger\Logger.csproj", "{FD4AF5A3-140E-4860-984F-695C77E399AC}"
EndProject
Project("{9A19103F-16F7-4668-BE54-9A1E7A4F7556}") = "CsvEnumerable", "CsvEnumerable\CsvEnumerable.csproj", "{7E7AC02A-D13A-499F-A694-15CA3DFEE7ED}"
EndProject
Global
	GlobalSection(SolutionConfigurationPlatforms) = preSolution
		Debug|Any CPU = Debug|Any CPU
		Release|Any CPU = Release|Any CPU
	EndGlobalSection
	GlobalSection(ProjectConfigurationPlatforms) = postSolution
		{FD4AF5A3-140E-4860-984F-695C77E399AC}.Debug|Any CPU.ActiveCfg = Debug|Any CPU
		{FD4AF5A3-140E-4860-984F-695C77E399AC}.Debug|Any CPU.Build.0 = Debug|Any CPU
		{FD4AF5A3-140E-4860-984F-695C77E399AC}.Release|Any CPU.ActiveCfg = Release|Any CPU
		{FD4AF5A3-140E-4860-984F-695C77E399AC}.Release|Any CPU.Build.0 = Release|Any CPU
		{7E7AC02A-D13A-499F-A694-15CA3DFEE7ED}.Debug|Any CPU.ActiveCfg = Debug|Any CPU
		{7E7AC02A-D13A-499F-A694-15CA3DFEE7ED}.Debug|Any CPU.Build.0 = Debug|Any CPU
		{7E7AC02A-D13A-499F-A694-15CA3DFEE7ED}.Release|Any CPU.ActiveCfg = Release|Any CPU
		{7E7AC02A-D13A-499F-A694-15CA3DFEE7ED}.Release|Any CPU.Build.0 = Release|Any CPU
	EndGlobalSection
	GlobalSection(SolutionProperties) = preSolution
		HideSolutionNode = FALSE
	EndGlobalSection
	GlobalSection(ExtensibilityGlobals) = postSolution
		SolutionGuid = {F8FD1F84-EF3B-4D5F-AE2A-5DF95F0D14F9}
	EndGlobalSection
EndGlobal
